
Microsoft Visual Studio Solution File, Format Version 12.00
# Visual Studio 15
VisualStudioVersion = 15.0.28307.902
MinimumVisualStudioVersion = 10.0.40219.1
Project("{FAE04EC0-301F-11D3-BF4B-00C04F79EFBC}") = "BE.SawtSora", "BE.SawtSora\BE.SawtSora.csproj", "{0D487D9D-9497-42BF-B65B-98BCDB588C84}"
EndProject
Global
	GlobalSection(SolutionConfigurationPlatforms) = preSolution
		Debug|Any CPU = Debug|Any CPU
		Release|Any CPU = Release|Any CPU
	EndGlobalSection
	GlobalSection(ProjectConfigurationPlatforms) = postSolution
		{0D487D9D-9497-42BF-B65B-98BCDB588C84}.Debug|Any CPU.ActiveCfg = Debug|Any CPU
		{0D487D9D-9497-42BF-B65B-98BCDB588C84}.Debug|Any CPU.Build.0 = Debug|Any CPU
		{0D487D9D-9497-42BF-B65B-98BCDB588C84}.Release|Any CPU.ActiveCfg = Release|Any CPU
		{0D487D9D-9497-42BF-B65B-98BCDB588C84}.Release|Any CPU.Build.0 = Release|Any CPU
	EndGlobalSection
	GlobalSection(SolutionProperties) = preSolution
		HideSolutionNode = FALSE
	EndGlobalSection
	GlobalSection(ExtensibilityGlobals) = postSolution
		SolutionGuid = {E169F95B-3286-4376-8170-1448AC5BCAB9}
	EndGlobalSection
EndGlobal
